{
  "name": "gh-axi",
  "version": "0.1.30",
  "lockfileVersion": 3,
  "requires": true,
  "packages": {
    "": {
      "name": "gh-axi",
      "version": "0.1.30",
      "dependencies": {
        "gh-axi": "0.1.30"
      }
    },
    "node_modules/@toon-format/toon": {
      "version": "2.3.1",
      "resolved": "https://registry.npmjs.org/@toon-format/toon/-/toon-2.3.1.tgz",
      "integrity": "sha512-sWqEMeAJGMda9qRrfPKrX3C4c33CO9SJuvJzzrcBEn5sbDB+k6pSLkDsfN0rVnLQwR97MV3sDgVbcxQNsq8xVw==",
      "license": "MIT"
    },
    "node_modules/axi-sdk-js": {
      "version": "0.1.11",
      "resolved": "https://registry.npmjs.org/axi-sdk-js/-/axi-sdk-js-0.1.11.tgz",
      "integrity": "sha512-ksACrhe4GdsIK/TfPz8P0iA8NmiRFQ43zu3/HM7NGPv7s1+xKUsupufXntedR4YxM23S2zMPJyLvn/jS/wZyBg==",
      "license": "MIT",
      "dependencies": {
        "@toon-format/toon": "^2.1.0"
      },
      "engines": {
        "node": ">=20"
      }
    },
    "node_modules/gh-axi": {
      "version": "0.1.30",
      "resolved": "https://registry.npmjs.org/gh-axi/-/gh-axi-0.1.30.tgz",
      "integrity": "sha512-4qw7+INJqdH5obm6NOUQnqBRALMG/BYQwTseVr9I7DHvccEytBtltc0EvB0SxrDzIUTKPshI9uKtfp83TjlBjA==",
      "license": "MIT",
      "dependencies": {
        "@toon-format/toon": "^2.1.0",
        "axi-sdk-js": "^0.1.10"
      },
      "bin": {
        "gh-axi": "dist/bin/gh-axi.js"
      },
      "engines": {
        "node": ">=20"
      }
    }
  }
}
